
Microsoft Visual Studio Solution File, Format Version 12.00
# Visual Studio Version 17
VisualStudioVersion = 17.14.36429.23 d17.14
MinimumVisualStudioVersion = 10.0.40219.1
Project("{FAE04EC0-301F-11D3-BF4B-00C04F79EFBC}") = "DatingApp", "DatingApp\DatingApp.csproj", "{EB0A8A70-C06F-4F47-9193-8B0C3D148BA5}"
EndProject
Project("{FAE04EC0-301F-11D3-BF4B-00C04F79EFBC}") = "Infrastructure", "Infrastructure\Infrastructure.csproj", "{9A9F49D3-12DD-4965-9AE6-4A5418128E4E}"
EndProject
Project("{FAE04EC0-301F-11D3-BF4B-00C04F79EFBC}") = "Core", "Core\Core.csproj", "{BC145984-1D4B-4FCC-B712-0FEC36C20511}"
EndProject
Global
	GlobalSection(SolutionConfigurationPlatforms) = preSolution
		Debug|Any CPU = Debug|Any CPU
		Release|Any CPU = Release|Any CPU
	EndGlobalSection
	GlobalSection(ProjectConfigurationPlatforms) = postSolution
		{EB0A8A70-C06F-4F47-9193-8B0C3D148BA5}.Debug|Any CPU.ActiveCfg = Debug|Any CPU
		{EB0A8A70-C06F-4F47-9193-8B0C3D148BA5}.Debug|Any CPU.Build.0 = Debug|Any CPU
		{EB0A8A70-C06F-4F47-9193-8B0C3D148BA5}.Release|Any CPU.ActiveCfg = Release|Any CPU
		{EB0A8A70-C06F-4F47-9193-8B0C3D148BA5}.Release|Any CPU.Build.0 = Release|Any CPU
		{9A9F49D3-12DD-4965-9AE6-4A5418128E4E}.Debug|Any CPU.ActiveCfg = Debug|Any CPU
		{9A9F49D3-12DD-4965-9AE6-4A5418128E4E}.Debug|Any CPU.Build.0 = Debug|Any CPU
		{9A9F49D3-12DD-4965-9AE6-4A5418128E4E}.Release|Any CPU.ActiveCfg = Release|Any CPU
		{9A9F49D3-12DD-4965-9AE6-4A5418128E4E}.Release|Any CPU.Build.0 = Release|Any CPU
		{BC145984-1D4B-4FCC-B712-0FEC36C20511}.Debug|Any CPU.ActiveCfg = Debug|Any CPU
		{BC145984-1D4B-4FCC-B712-0FEC36C20511}.Debug|Any CPU.Build.0 = Debug|Any CPU
		{BC145984-1D4B-4FCC-B712-0FEC36C20511}.Release|Any CPU.ActiveCfg = Release|Any CPU
		{BC145984-1D4B-4FCC-B712-0FEC36C20511}.Release|Any CPU.Build.0 = Release|Any CPU
	EndGlobalSection
	GlobalSection(SolutionProperties) = preSolution
		HideSolutionNode = FALSE
	EndGlobalSection
	GlobalSection(ExtensibilityGlobals) = postSolution
		SolutionGuid = {890D1E20-6B2A-45BF-93DC-BCFF207A7CDA}
	EndGlobalSection
EndGlobal
